
Microsoft Visual Studio Solution File, Format Version 12.00
# Visual Studio 2012
Project("{FAE04EC0-301F-11D3-BF4B-00C04F79EFBC}") = "DemoAzureOfflineSync", "DemoAzureOfflineSync\DemoAzureOfflineSync.csproj", "{3BB20E82-BACE-4A17-B5F2-9260D00ABDDF}"
EndProject
Project("{FAE04EC0-301F-11D3-BF4B-00C04F79EFBC}") = "DemoAzureOfflineSync.iOS", "iOS\DemoAzureOfflineSync.iOS.csproj", "{CCB81A3A-C410-4601-8777-24B42693C3A8}"
EndProject
Project("{FAE04EC0-301F-11D3-BF4B-00C04F79EFBC}") = "DemoAzureOfflineSync.Droid", "Droid\DemoAzureOfflineSync.Droid.csproj", "{93E86EA7-DB3E-4DD9-A145-A9CEB06E6FE7}"
EndProject
Global
	GlobalSection(SolutionConfigurationPlatforms) = preSolution
		Debug|Any CPU = Debug|Any CPU
		Release|Any CPU = Release|Any CPU
		Debug|iPhoneSimulator = Debug|iPhoneSimulator
		Release|iPhone = Release|iPhone
		Release|iPhoneSimulator = Release|iPhoneSimulator
		Debug|iPhone = Debug|iPhone
	EndGlobalSection
	GlobalSection(ProjectConfigurationPlatforms) = postSolution
		{3BB20E82-BACE-4A17-B5F2-9260D00ABDDF}.Debug|Any CPU.ActiveCfg = Debug|Any CPU
		{3BB20E82-BACE-4A17-B5F2-9260D00ABDDF}.Debug|Any CPU.Build.0 = Debug|Any CPU
		{3BB20E82-BACE-4A17-B5F2-9260D00ABDDF}.Release|Any CPU.ActiveCfg = Release|Any CPU
		{3BB20E82-BACE-4A17-B5F2-9260D00ABDDF}.Release|Any CPU.Build.0 = Release|Any CPU
		{3BB20E82-BACE-4A17-B5F2-9260D00ABDDF}.Debug|iPhoneSimulator.ActiveCfg = Debug|Any CPU
		{3BB20E82-BACE-4A17-B5F2-9260D00ABDDF}.Debug|iPhoneSimulator.Build.0 = Debug|Any CPU
		{3BB20E82-BACE-4A17-B5F2-9260D00ABDDF}.Release|iPhone.ActiveCfg = Release|Any CPU
		{3BB20E82-BACE-4A17-B5F2-9260D00ABDDF}.Release|iPhone.Build.0 = Release|Any CPU
		{3BB20E82-BACE-4A17-B5F2-9260D00ABDDF}.Release|iPhoneSimulator.ActiveCfg = Release|Any CPU
		{3BB20E82-BACE-4A17-B5F2-9260D00ABDDF}.Release|iPhoneSimulator.Build.0 = Release|Any CPU
		{3BB20E82-BACE-4A17-B5F2-9260D00ABDDF}.Debug|iPhone.ActiveCfg = Debug|Any CPU
		{3BB20E82-BACE-4A17-B5F2-9260D00ABDDF}.Debug|iPhone.Build.0 = Debug|Any CPU
		{CCB81A3A-C410-4601-8777-24B42693C3A8}.Debug|Any CPU.ActiveCfg = Debug|iPhoneSimulator
		{CCB81A3A-C410-4601-8777-24B42693C3A8}.Debug|Any CPU.Build.0 = Debug|iPhoneSimulator
		{CCB81A3A-C410-4601-8777-24B42693C3A8}.Release|Any CPU.ActiveCfg = Release|iPhone
		{CCB81A3A-C410-4601-8777-24B42693C3A8}.Release|Any CPU.Build.0 = Release|iPhone
		{CCB81A3A-C410-4601-8777-24B42693C3A8}.Debug|iPhoneSimulator.ActiveCfg = Debug|iPhoneSimulator
		{CCB81A3A-C410-4601-8777-24B42693C3A8}.Debug|iPhoneSimulator.Build.0 = Debug|iPhoneSimulator
		{CCB81A3A-C410-4601-8777-24B42693C3A8}.Release|iPhone.ActiveCfg = Release|iPhone
		{CCB81A3A-C410-4601-8777-24B42693C3A8}.Release|iPhone.Build.0 = Release|iPhone
		{CCB81A3A-C410-4601-8777-24B42693C3A8}.Release|iPhoneSimulator.ActiveCfg = Release|iPhoneSimulator
		{CCB81A3A-C410-4601-8777-24B42693C3A8}.Release|iPhoneSimulator.Build.0 = Release|iPhoneSimulator
		{CCB81A3A-C410-4601-8777-24B42693C3A8}.Debug|iPhone.ActiveCfg = Debug|iPhone
		{CCB81A3A-C410-4601-8777-24B42693C3A8}.Debug|iPhone.Build.0 = Debug|iPhone
		{93E86EA7-DB3E-4DD9-A145-A9CEB06E6FE7}.Debug|Any CPU.ActiveCfg = Debug|Any CPU
		{93E86EA7-DB3E-4DD9-A145-A9CEB06E6FE7}.Debug|Any CPU.Build.0 = Debug|Any CPU
		{93E86EA7-DB3E-4DD9-A145-A9CEB06E6FE7}.Release|Any CPU.ActiveCfg = Release|Any CPU
		{93E86EA7-DB3E-4DD9-A145-A9CEB06E6FE7}.Release|Any CPU.Build.0 = Release|Any CPU
		{93E86EA7-DB3E-4DD9-A145-A9CEB06E6FE7}.Debug|iPhoneSimulator.ActiveCfg = Debug|Any CPU
		{93E86EA7-DB3E-4DD9-A145-A9CEB06E6FE7}.Debug|iPhoneSimulator.Build.0 = Debug|Any CPU
		{93E86EA7-DB3E-4DD9-A145-A9CEB06E6FE7}.Release|iPhone.ActiveCfg = Release|Any CPU
		{93E86EA7-DB3E-4DD9-A145-A9CEB06E6FE7}.Release|iPhone.Build.0 = Release|Any CPU
		{93E86EA7-DB3E-4DD9-A145-A9CEB06E6FE7}.Release|iPhoneSimulator.ActiveCfg = Release|Any CPU
		{93E86EA7-DB3E-4DD9-A145-A9CEB06E6FE7}.Release|iPhoneSimulator.Build.0 = Release|Any CPU
		{93E86EA7-DB3E-4DD9-A145-A9CEB06E6FE7}.Debug|iPhone.ActiveCfg = Debug|Any CPU
		{93E86EA7-DB3E-4DD9-A145-A9CEB06E6FE7}.Debug|iPhone.Build.0 = Debug|Any CPU
	EndGlobalSection
EndGlobal
